
Microsoft Visual Studio Solution File, Format Version 12.00
# Visual Studio Version 17
VisualStudioVersion = 17.0.31903.59
MinimumVisualStudioVersion = 10.0.40219.1
Project("{2150E333-8FDC-42A3-9474-1A3956D46DE8}") = "api-tests", "api-tests", "{935CEA5E-ED67-4F5F-A7A2-D3C19E706886}"
EndProject
Project("{2150E333-8FDC-42A3-9474-1A3956D46DE8}") = "integration-tests", "integration-tests", "{3E389A4F-11CB-4AE9-B36F-877BC01330E0}"
EndProject
Project("{FAE04EC0-301F-11D3-BF4B-00C04F79EFBC}") = "IntegrationTests", "api-tests\integration-tests\IntegrationTests\IntegrationTests.csproj", "{425C841F-B882-4BF2-9603-DC55C8450320}"
EndProject
Global
	GlobalSection(SolutionConfigurationPlatforms) = preSolution
		Debug|Any CPU = Debug|Any CPU
		Release|Any CPU = Release|Any CPU
	EndGlobalSection
	GlobalSection(SolutionProperties) = preSolution
		HideSolutionNode = FALSE
	EndGlobalSection
	GlobalSection(ProjectConfigurationPlatforms) = postSolution
		{425C841F-B882-4BF2-9603-DC55C8450320}.Debug|Any CPU.ActiveCfg = Debug|Any CPU
		{425C841F-B882-4BF2-9603-DC55C8450320}.Debug|Any CPU.Build.0 = Debug|Any CPU
		{425C841F-B882-4BF2-9603-DC55C8450320}.Release|Any CPU.ActiveCfg = Release|Any CPU
		{425C841F-B882-4BF2-9603-DC55C8450320}.Release|Any CPU.Build.0 = Release|Any CPU
	EndGlobalSection
	GlobalSection(NestedProjects) = preSolution
		{3E389A4F-11CB-4AE9-B36F-877BC01330E0} = {935CEA5E-ED67-4F5F-A7A2-D3C19E706886}
		{425C841F-B882-4BF2-9603-DC55C8450320} = {3E389A4F-11CB-4AE9-B36F-877BC01330E0}
	EndGlobalSection
EndGlobal
